<Solution>
  <Project Path="MotionCapture/MotionCapture.csproj" />
  <Project Path="MotionCapture.Core/MotionCapture.Core.csproj" />
  <Project Path="MotionCapture.Infrastructure.Camera/MotionCapture.Infrastructure.Camera.csproj" />
  <Project Path="MotionCapture.Infrastructure.GrpcClient/MotionCapture.Infrastructure.GrpcClient.csproj" />
</Solution>
